
Microsoft Visual Studio Solution File, Format Version 12.00
# Visual Studio Version 16
VisualStudioVersion = 16.0.31613.86
MinimumVisualStudioVersion = 10.0.40219.1
Project("{FAE04EC0-301F-11D3-BF4B-00C04F79EFBC}") = "Notify.APi", "Notify.APi\Notify.APi.csproj", "{FE63A8A1-6293-468A-B909-5A05B5DA0242}"
EndProject
Global
	GlobalSection(SolutionConfigurationPlatforms) = preSolution
		Debug|Any CPU = Debug|Any CPU
		Release|Any CPU = Release|Any CPU
	EndGlobalSection
	GlobalSection(ProjectConfigurationPlatforms) = postSolution
		{FE63A8A1-6293-468A-B909-5A05B5DA0242}.Debug|Any CPU.ActiveCfg = Debug|Any CPU
		{FE63A8A1-6293-468A-B909-5A05B5DA0242}.Debug|Any CPU.Build.0 = Debug|Any CPU
		{FE63A8A1-6293-468A-B909-5A05B5DA0242}.Release|Any CPU.ActiveCfg = Release|Any CPU
		{FE63A8A1-6293-468A-B909-5A05B5DA0242}.Release|Any CPU.Build.0 = Release|Any CPU
	EndGlobalSection
	GlobalSection(SolutionProperties) = preSolution
		HideSolutionNode = FALSE
	EndGlobalSection
	GlobalSection(ExtensibilityGlobals) = postSolution
		SolutionGuid = {92A22F9E-C4BE-486C-8019-B018B3BBFD0A}
	EndGlobalSection
EndGlobal
